lockfile_version: '1'
generated_at: '2026-06-21T13:40:55.577236+00:00'
apm_version: 0.21.0
dependencies:
- repo_url: DevSecNinja/ai-toolkit
  host: github.com
  resolved_commit: 7a43b79695162f048cf18f662dffd43980310c63
  resolved_ref: v0.2.0
  package_type: apm_package
  deployed_files:
  - .github/instructions/devsecninja-conventions.instructions.md
  - .github/prompts/analysis-data-analysis.prompt.md
  - .github/prompts/coding-code-review-assistant.prompt.md
  - .github/prompts/coding-debug-helper.prompt.md
  - .github/prompts/home-assistant-automation-renamer.prompt.md
  - .github/prompts/home-assistant-notification-optimizer.prompt.md
  - .github/prompts/productivity-email-follow-up-tracker.prompt.md
  - .github/prompts/productivity-focus-time-blocker.prompt.md
  - .github/prompts/productivity-ooo-task-handoff-planner.prompt.md
  - .github/prompts/productivity-outlook-inbox-zero-triage.prompt.md
  - .github/prompts/writing-technical-documentation.prompt.md
  deployed_file_hashes:
    .github/instructions/devsecninja-conventions.instructions.md: sha256:6e3d4b911a6b96952ca8cf60e4650a43812851b86e0ee20625ac3a6193493492
    .github/prompts/analysis-data-analysis.prompt.md: sha256:69d6937edf871d9ea7237781366b91591ecc2376e272159a2fc7de05120d6cfd
    .github/prompts/coding-code-review-assistant.prompt.md: sha256:376f12ebda3742fe23e907f5bd5fbb22dedfe1f5e726a55c3b830d2fe0d1f535
    .github/prompts/coding-debug-helper.prompt.md: sha256:ee870ea4e04fb6dc90529576c5b43e77a844aaef69dbf53041e090f1e72e12a0
    .github/prompts/home-assistant-automation-renamer.prompt.md: sha256:fe65b8df8184dd21fe84e6d9b9873fa2ef407553d5f7bbe8c9ad50fb3b3bc2b2
    .github/prompts/home-assistant-notification-optimizer.prompt.md: sha256:bef7b8a47605fd61dcdd6eb1e60b8294e9f25f5bf2a60662e1cfa7a8c7e2b64a
    .github/prompts/productivity-email-follow-up-tracker.prompt.md: sha256:4e501fd8358ec2c23338b58869862495a4aebe71cb671c70075bf21cd7ce0a2b
    .github/prompts/productivity-focus-time-blocker.prompt.md: sha256:97bab0bd3a275742721781d809ac0dde1ffea7e4c5295963c74512dab7a920ed
    .github/prompts/productivity-ooo-task-handoff-planner.prompt.md: sha256:ab9b02aa560c1b57594815a69058891c3de75fbf586bcd87d4c6b15c3b0baa04
    .github/prompts/productivity-outlook-inbox-zero-triage.prompt.md: sha256:e388bc47c03d5f0735756be485537bc53fda77d31bb4befca8ba2a19c022657e
    .github/prompts/writing-technical-documentation.prompt.md: sha256:7d002cfe2038cdc3362fa0c519486b3e326ab2638599025652817e87ec48bb02
  content_hash: sha256:a7b3eb7f3f70b1f068d18fffec15d84521311753dc0260d6231acce5fef3ee81
